
Microsoft Visual Studio Solution File, Format Version 12.00
# Visual Studio Version 16
VisualStudioVersion = 16.0.31624.102
MinimumVisualStudioVersion = 10.0.40219.1
Project("{FAE04EC0-301F-11D3-BF4B-00C04F79EFBC}") = "Pamoka2", "Pamoka2\Pamoka2.csproj", "{852482A6-521B-4A18-8D5E-C47E97FA3820}"
EndProject
Global
	GlobalSection(SolutionConfigurationPlatforms) = preSolution
		Debug|Any CPU = Debug|Any CPU
		Release|Any CPU = Release|Any CPU
	EndGlobalSection
	GlobalSection(ProjectConfigurationPlatforms) = postSolution
		{852482A6-521B-4A18-8D5E-C47E97FA3820}.Debug|Any CPU.ActiveCfg = Debug|Any CPU
		{852482A6-521B-4A18-8D5E-C47E97FA3820}.Debug|Any CPU.Build.0 = Debug|Any CPU
		{852482A6-521B-4A18-8D5E-C47E97FA3820}.Release|Any CPU.ActiveCfg = Release|Any CPU
		{852482A6-521B-4A18-8D5E-C47E97FA3820}.Release|Any CPU.Build.0 = Release|Any CPU
	EndGlobalSection
	GlobalSection(SolutionProperties) = preSolution
		HideSolutionNode = FALSE
	EndGlobalSection
	GlobalSection(ExtensibilityGlobals) = postSolution
		SolutionGuid = {DDF57152-4E04-4CC5-A47E-D63B9B2D8234}
	EndGlobalSection
EndGlobal
