
Microsoft Visual Studio Solution File, Format Version 12.00
# Visual Studio Version 16
VisualStudioVersion = 16.0.31624.102
MinimumVisualStudioVersion = 10.0.40219.1
Project("{FAE04EC0-301F-11D3-BF4B-00C04F79EFBC}") = "uzduotis1.1", "uzduotis1.1\uzduotis1.1.csproj", "{A45B3143-1C32-4535-9DFC-B758A4B1B7A4}"
EndProject
Global
	GlobalSection(SolutionConfigurationPlatforms) = preSolution
		Debug|Any CPU = Debug|Any CPU
		Release|Any CPU = Release|Any CPU
	EndGlobalSection
	GlobalSection(ProjectConfigurationPlatforms) = postSolution
		{A45B3143-1C32-4535-9DFC-B758A4B1B7A4}.Debug|Any CPU.ActiveCfg = Debug|Any CPU
		{A45B3143-1C32-4535-9DFC-B758A4B1B7A4}.Debug|Any CPU.Build.0 = Debug|Any CPU
		{A45B3143-1C32-4535-9DFC-B758A4B1B7A4}.Release|Any CPU.ActiveCfg = Release|Any CPU
		{A45B3143-1C32-4535-9DFC-B758A4B1B7A4}.Release|Any CPU.Build.0 = Release|Any CPU
	EndGlobalSection
	GlobalSection(SolutionProperties) = preSolution
		HideSolutionNode = FALSE
	EndGlobalSection
	GlobalSection(ExtensibilityGlobals) = postSolution
		SolutionGuid = {18C947CA-C25C-49D4-9988-B049308689C3}
	EndGlobalSection
EndGlobal
