
Microsoft Visual Studio Solution File, Format Version 12.00
# Visual Studio Version 16
VisualStudioVersion = 16.0.31624.102
MinimumVisualStudioVersion = 10.0.40219.1
Project("{FAE04EC0-301F-11D3-BF4B-00C04F79EFBC}") = "FarmerService", "FarmerService\FarmerService.csproj", "{5652C94C-862D-4985-A232-2E5AF813DDB2}"
EndProject
Global
	GlobalSection(SolutionConfigurationPlatforms) = preSolution
		Debug|Any CPU = Debug|Any CPU
		Release|Any CPU = Release|Any CPU
	EndGlobalSection
	GlobalSection(ProjectConfigurationPlatforms) = postSolution
		{5652C94C-862D-4985-A232-2E5AF813DDB2}.Debug|Any CPU.ActiveCfg = Debug|Any CPU
		{5652C94C-862D-4985-A232-2E5AF813DDB2}.Debug|Any CPU.Build.0 = Debug|Any CPU
		{5652C94C-862D-4985-A232-2E5AF813DDB2}.Release|Any CPU.ActiveCfg = Release|Any CPU
		{5652C94C-862D-4985-A232-2E5AF813DDB2}.Release|Any CPU.Build.0 = Release|Any CPU
	EndGlobalSection
	GlobalSection(SolutionProperties) = preSolution
		HideSolutionNode = FALSE
	EndGlobalSection
	GlobalSection(ExtensibilityGlobals) = postSolution
		SolutionGuid = {D13DA001-A634-4753-971E-468D18A0569D}
	EndGlobalSection
EndGlobal
