
Microsoft Visual Studio Solution File, Format Version 12.00
# Visual Studio Version 16
VisualStudioVersion = 16.0.31624.102
MinimumVisualStudioVersion = 10.0.40219.1
Project("{FAE04EC0-301F-11D3-BF4B-00C04F79EFBC}") = "Gerimai", "Gerimai\Gerimai.csproj", "{15701CB5-5C52-45E6-9DCF-970B9DF2B431}"
EndProject
Global
	GlobalSection(SolutionConfigurationPlatforms) = preSolution
		Debug|Any CPU = Debug|Any CPU
		Release|Any CPU = Release|Any CPU
	EndGlobalSection
	GlobalSection(ProjectConfigurationPlatforms) = postSolution
		{15701CB5-5C52-45E6-9DCF-970B9DF2B431}.Debug|Any CPU.ActiveCfg = Debug|Any CPU
		{15701CB5-5C52-45E6-9DCF-970B9DF2B431}.Debug|Any CPU.Build.0 = Debug|Any CPU
		{15701CB5-5C52-45E6-9DCF-970B9DF2B431}.Release|Any CPU.ActiveCfg = Release|Any CPU
		{15701CB5-5C52-45E6-9DCF-970B9DF2B431}.Release|Any CPU.Build.0 = Release|Any CPU
	EndGlobalSection
	GlobalSection(SolutionProperties) = preSolution
		HideSolutionNode = FALSE
	EndGlobalSection
	GlobalSection(ExtensibilityGlobals) = postSolution
		SolutionGuid = {A5286B7B-B174-4DDA-9030-AC61DD3DE041}
	EndGlobalSection
EndGlobal
