
Microsoft Visual Studio Solution File, Format Version 12.00
# Visual Studio Version 16
VisualStudioVersion = 16.0.31624.102
MinimumVisualStudioVersion = 10.0.40219.1
Project("{FAE04EC0-301F-11D3-BF4B-00C04F79EFBC}") = "uzduotis1.1", "uzduotis1.1\uzduotis1.1.csproj", "{1370455F-4964-4360-9BD9-C7972BB352A4}"
EndProject
Global
	GlobalSection(SolutionConfigurationPlatforms) = preSolution
		Debug|Any CPU = Debug|Any CPU
		Release|Any CPU = Release|Any CPU
	EndGlobalSection
	GlobalSection(ProjectConfigurationPlatforms) = postSolution
		{1370455F-4964-4360-9BD9-C7972BB352A4}.Debug|Any CPU.ActiveCfg = Debug|Any CPU
		{1370455F-4964-4360-9BD9-C7972BB352A4}.Debug|Any CPU.Build.0 = Debug|Any CPU
		{1370455F-4964-4360-9BD9-C7972BB352A4}.Release|Any CPU.ActiveCfg = Release|Any CPU
		{1370455F-4964-4360-9BD9-C7972BB352A4}.Release|Any CPU.Build.0 = Release|Any CPU
	EndGlobalSection
	GlobalSection(SolutionProperties) = preSolution
		HideSolutionNode = FALSE
	EndGlobalSection
	GlobalSection(ExtensibilityGlobals) = postSolution
		SolutionGuid = {58B30666-2D08-4D97-A102-7631CCFE5786}
	EndGlobalSection
EndGlobal
