
Microsoft Visual Studio Solution File, Format Version 12.00
# Visual Studio Version 16
VisualStudioVersion = 16.0.31624.102
MinimumVisualStudioVersion = 10.0.40219.1
Project("{9A19103F-16F7-4668-BE54-9A1E7A4F7556}") = "Projektas", "6.4.uzduotis\Projektas.csproj", "{71A33203-84CF-4CF8-AA18-EACA3E60CBCB}"
EndProject
Global
	GlobalSection(SolutionConfigurationPlatforms) = preSolution
		Debug|Any CPU = Debug|Any CPU
		Release|Any CPU = Release|Any CPU
	EndGlobalSection
	GlobalSection(ProjectConfigurationPlatforms) = postSolution
		{71A33203-84CF-4CF8-AA18-EACA3E60CBCB}.Debug|Any CPU.ActiveCfg = Debug|Any CPU
		{71A33203-84CF-4CF8-AA18-EACA3E60CBCB}.Debug|Any CPU.Build.0 = Debug|Any CPU
		{71A33203-84CF-4CF8-AA18-EACA3E60CBCB}.Release|Any CPU.ActiveCfg = Release|Any CPU
		{71A33203-84CF-4CF8-AA18-EACA3E60CBCB}.Release|Any CPU.Build.0 = Release|Any CPU
	EndGlobalSection
	GlobalSection(SolutionProperties) = preSolution
		HideSolutionNode = FALSE
	EndGlobalSection
	GlobalSection(ExtensibilityGlobals) = postSolution
		SolutionGuid = {730ED76B-D6AB-4C2B-9DC0-60942DD25A94}
	EndGlobalSection
EndGlobal
